
Microsoft Visual Studio Solution File, Format Version 12.00
# Visual Studio Version 16
VisualStudioVersion = 16.0.30011.22
MinimumVisualStudioVersion = 10.0.40219.1
Project("{FAE04EC0-301F-11D3-BF4B-00C04F79EFBC}") = "WpfApp10", "WpfApp10.csproj", "{7B19A280-6AC6-41B6-9444-160251891A4B}"
EndProject
Global
	GlobalSection(SolutionConfigurationPlatforms) = preSolution
		Debug|Any CPU = Debug|Any CPU
		Release|Any CPU = Release|Any CPU
	EndGlobalSection
	GlobalSection(ProjectConfigurationPlatforms) = postSolution
		{7B19A280-6AC6-41B6-9444-160251891A4B}.Debug|Any CPU.ActiveCfg = Debug|Any CPU
		{7B19A280-6AC6-41B6-9444-160251891A4B}.Debug|Any CPU.Build.0 = Debug|Any CPU
		{7B19A280-6AC6-41B6-9444-160251891A4B}.Release|Any CPU.ActiveCfg = Release|Any CPU
		{7B19A280-6AC6-41B6-9444-160251891A4B}.Release|Any CPU.Build.0 = Release|Any CPU
	EndGlobalSection
	GlobalSection(SolutionProperties) = preSolution
		HideSolutionNode = FALSE
	EndGlobalSection
	GlobalSection(ExtensibilityGlobals) = postSolution
		SolutionGuid = {5A1D1F83-9BF5-41D2-89FD-7D48D090D07B}
	EndGlobalSection
EndGlobal
